
Microsoft Visual Studio Solution File, Format Version 12.00
# Visual Studio 15
VisualStudioVersion = 15.0.26730.16
MinimumVisualStudioVersion = 10.0.40219.1
Project("{FAE04EC0-301F-11D3-BF4B-00C04F79EFBC}") = "Web.eBado", "Web\Web.eBado.csproj", "{294EF68E-1610-424D-A1A7-8A7ADB988730}"
EndProject
Project("{2150E333-8FDC-42A3-9474-1A3956D46DE8}") = "Web", "Web", "{D2D8A54B-D692-4830-9114-204FC5514BE0}"
EndProject
Project("{2150E333-8FDC-42A3-9474-1A3956D46DE8}") = "Infrastructure", "Infrastructure", "{273DD6C5-5742-4CB9-ADB7-941C4A3467B4}"
EndProject
Project("{FAE04EC0-301F-11D3-BF4B-00C04F79EFBC}") = "Infrastructure.Common.DB", "Infrastructure.Common.DB\Infrastructure.Common.DB.csproj", "{6B3ADF23-F140-4A73-96F0-23F98F14F90F}"
EndProject
Project("{FAE04EC0-301F-11D3-BF4B-00C04F79EFBC}") = "Infrastructure.Common", "Infrastructure.Common\Infrastructure.Common.csproj", "{C0F4027E-B71A-448E-9950-A27E5CE6D55C}"
EndProject
Project("{FAE04EC0-301F-11D3-BF4B-00C04F79EFBC}") = "Infrastructure.Configuration", "Infrastructure.Configuration\Infrastructure.Configuration.csproj", "{AEDF78F1-5D47-4D81-9DB1-BD64C22F4310}"
EndProject
Project("{2150E333-8FDC-42A3-9474-1A3956D46DE8}") = "Messaging", "Messaging", "{070A4630-5B4D-435D-A4DA-1E9790A7D2DF}"
EndProject
Project("{FAE04EC0-301F-11D3-BF4B-00C04F79EFBC}") = "Messaging.Email", "Messaging.Email\Messaging.Email.csproj", "{DFE452B4-8A20-463F-84EE-D8D9CD631053}"
EndProject
Project("{D954291E-2A0B-460D-934E-DC6B0785DB48}") = "Database", "Database\Database.shproj", "{FA8EE37F-9CAA-4641-965F-6EC584F4AC24}"
EndProject
Project("{2150E333-8FDC-42A3-9474-1A3956D46DE8}") = "Database", "Database", "{89D6EE4F-5344-4EED-A0EC-F61D1672FE4F}"
EndProject
Project("{FAE04EC0-301F-11D3-BF4B-00C04F79EFBC}") = "WebApi.CompanyRegister", "WebApi.CompanyRegister\WebApi.CompanyRegister.csproj", "{CF31F5B3-DE63-4973-99CF-22CC43B22D55}"
EndProject
Project("{FAE04EC0-301F-11D3-BF4B-00C04F79EFBC}") = "Infrastructure.Resources", "Infrastructure.Resources\Infrastructure.Resources.csproj", "{AA25DF85-E53C-46E4-9ECD-20367CD4015C}"
EndProject
Project("{2150E333-8FDC-42A3-9474-1A3956D46DE8}") = "BusinessObjects", "BusinessObjects", "{907B0C1F-237E-48F6-9AAF-67737FAFD92F}"
EndProject
Project("{FAE04EC0-301F-11D3-BF4B-00C04F79EFBC}") = "eBado.BusinessObjects", "eBado.BusinessObjects\eBado.BusinessObjects.csproj", "{0C9B2CB1-F730-4DE3-A0CD-7E05421C45D6}"
EndProject
Project("{FAE04EC0-301F-11D3-BF4B-00C04F79EFBC}") = "eBado.Entities", "eBado.Entities\eBado.Entities.csproj", "{46C55C67-5CAA-411C-9E44-14C6E63FECD9}"
EndProject
Project("{2150E333-8FDC-42A3-9474-1A3956D46DE8}") = "Solution Items", "Solution Items", "{D33AE8E5-D30D-4E86-8B6E-1C2F770A0481}"
	ProjectSection(SolutionItems) = preProject
		NuGet.config = NuGet.config
	EndProjectSection
EndProject
Project("{FAE04EC0-301F-11D3-BF4B-00C04F79EFBC}") = "WebApi.Authorization", "WebApi.Authorization\WebApi.Authorization.csproj", "{B52611A1-2E7B-487B-8921-01846B72B9C2}"
EndProject
Global
	GlobalSection(SharedMSBuildProjectFiles) = preSolution
		Database\Database.projitems*{fa8ee37f-9caa-4641-965f-6ec584f4ac24}*SharedItemsImports = 13
	EndGlobalSection
	GlobalSection(SolutionConfigurationPlatforms) = preSolution
		Debug|Any CPU = Debug|Any CPU
		Release|Any CPU = Release|Any CPU
	EndGlobalSection
	GlobalSection(ProjectConfigurationPlatforms) = postSolution
		{294EF68E-1610-424D-A1A7-8A7ADB988730}.Debug|Any CPU.ActiveCfg = Debug|Any CPU
		{294EF68E-1610-424D-A1A7-8A7ADB988730}.Debug|Any CPU.Build.0 = Debug|Any CPU
		{294EF68E-1610-424D-A1A7-8A7ADB988730}.Release|Any CPU.ActiveCfg = Release|Any CPU
		{294EF68E-1610-424D-A1A7-8A7ADB988730}.Release|Any CPU.Build.0 = Release|Any CPU
		{6B3ADF23-F140-4A73-96F0-23F98F14F90F}.Debug|Any CPU.ActiveCfg = Debug|Any CPU
		{6B3ADF23-F140-4A73-96F0-23F98F14F90F}.Debug|Any CPU.Build.0 = Debug|Any CPU
		{6B3ADF23-F140-4A73-96F0-23F98F14F90F}.Release|Any CPU.ActiveCfg = Release|Any CPU
		{6B3ADF23-F140-4A73-96F0-23F98F14F90F}.Release|Any CPU.Build.0 = Release|Any CPU
		{C0F4027E-B71A-448E-9950-A27E5CE6D55C}.Debug|Any CPU.ActiveCfg = Debug|Any CPU
		{C0F4027E-B71A-448E-9950-A27E5CE6D55C}.Debug|Any CPU.Build.0 = Debug|Any CPU
		{C0F4027E-B71A-448E-9950-A27E5CE6D55C}.Release|Any CPU.ActiveCfg = Release|Any CPU
		{C0F4027E-B71A-448E-9950-A27E5CE6D55C}.Release|Any CPU.Build.0 = Release|Any CPU
		{AEDF78F1-5D47-4D81-9DB1-BD64C22F4310}.Debug|Any CPU.ActiveCfg = Debug|Any CPU
		{AEDF78F1-5D47-4D81-9DB1-BD64C22F4310}.Debug|Any CPU.Build.0 = Debug|Any CPU
		{AEDF78F1-5D47-4D81-9DB1-BD64C22F4310}.Release|Any CPU.ActiveCfg = Release|Any CPU
		{AEDF78F1-5D47-4D81-9DB1-BD64C22F4310}.Release|Any CPU.Build.0 = Release|Any CPU
		{DFE452B4-8A20-463F-84EE-D8D9CD631053}.Debug|Any CPU.ActiveCfg = Debug|Any CPU
		{DFE452B4-8A20-463F-84EE-D8D9CD631053}.Debug|Any CPU.Build.0 = Debug|Any CPU
		{DFE452B4-8A20-463F-84EE-D8D9CD631053}.Release|Any CPU.ActiveCfg = Release|Any CPU
		{DFE452B4-8A20-463F-84EE-D8D9CD631053}.Release|Any CPU.Build.0 = Release|Any CPU
		{CF31F5B3-DE63-4973-99CF-22CC43B22D55}.Debug|Any CPU.ActiveCfg = Debug|Any CPU
		{CF31F5B3-DE63-4973-99CF-22CC43B22D55}.Debug|Any CPU.Build.0 = Debug|Any CPU
		{CF31F5B3-DE63-4973-99CF-22CC43B22D55}.Release|Any CPU.ActiveCfg = Release|Any CPU
		{CF31F5B3-DE63-4973-99CF-22CC43B22D55}.Release|Any CPU.Build.0 = Release|Any CPU
		{AA25DF85-E53C-46E4-9ECD-20367CD4015C}.Debug|Any CPU.ActiveCfg = Debug|Any CPU
		{AA25DF85-E53C-46E4-9ECD-20367CD4015C}.Debug|Any CPU.Build.0 = Debug|Any CPU
		{AA25DF85-E53C-46E4-9ECD-20367CD4015C}.Release|Any CPU.ActiveCfg = Release|Any CPU
		{AA25DF85-E53C-46E4-9ECD-20367CD4015C}.Release|Any CPU.Build.0 = Release|Any CPU
		{0C9B2CB1-F730-4DE3-A0CD-7E05421C45D6}.Debug|Any CPU.ActiveCfg = Debug|Any CPU
		{0C9B2CB1-F730-4DE3-A0CD-7E05421C45D6}.Debug|Any CPU.Build.0 = Debug|Any CPU
		{0C9B2CB1-F730-4DE3-A0CD-7E05421C45D6}.Release|Any CPU.ActiveCfg = Release|Any CPU
		{0C9B2CB1-F730-4DE3-A0CD-7E05421C45D6}.Release|Any CPU.Build.0 = Release|Any CPU
		{46C55C67-5CAA-411C-9E44-14C6E63FECD9}.Debug|Any CPU.ActiveCfg = Debug|Any CPU
		{46C55C67-5CAA-411C-9E44-14C6E63FECD9}.Debug|Any CPU.Build.0 = Debug|Any CPU
		{46C55C67-5CAA-411C-9E44-14C6E63FECD9}.Release|Any CPU.ActiveCfg = Release|Any CPU
		{46C55C67-5CAA-411C-9E44-14C6E63FECD9}.Release|Any CPU.Build.0 = Release|Any CPU
		{B52611A1-2E7B-487B-8921-01846B72B9C2}.Debug|Any CPU.ActiveCfg = Debug|Any CPU
		{B52611A1-2E7B-487B-8921-01846B72B9C2}.Debug|Any CPU.Build.0 = Debug|Any CPU
		{B52611A1-2E7B-487B-8921-01846B72B9C2}.Release|Any CPU.ActiveCfg = Release|Any CPU
		{B52611A1-2E7B-487B-8921-01846B72B9C2}.Release|Any CPU.Build.0 = Release|Any CPU
	EndGlobalSection
	GlobalSection(SolutionProperties) = preSolution
		HideSolutionNode = FALSE
	EndGlobalSection
	GlobalSection(NestedProjects) = preSolution
		{294EF68E-1610-424D-A1A7-8A7ADB988730} = {D2D8A54B-D692-4830-9114-204FC5514BE0}
		{6B3ADF23-F140-4A73-96F0-23F98F14F90F} = {273DD6C5-5742-4CB9-ADB7-941C4A3467B4}
		{C0F4027E-B71A-448E-9950-A27E5CE6D55C} = {273DD6C5-5742-4CB9-ADB7-941C4A3467B4}
		{AEDF78F1-5D47-4D81-9DB1-BD64C22F4310} = {273DD6C5-5742-4CB9-ADB7-941C4A3467B4}
		{DFE452B4-8A20-463F-84EE-D8D9CD631053} = {070A4630-5B4D-435D-A4DA-1E9790A7D2DF}
		{FA8EE37F-9CAA-4641-965F-6EC584F4AC24} = {89D6EE4F-5344-4EED-A0EC-F61D1672FE4F}
		{CF31F5B3-DE63-4973-99CF-22CC43B22D55} = {D2D8A54B-D692-4830-9114-204FC5514BE0}
		{AA25DF85-E53C-46E4-9ECD-20367CD4015C} = {273DD6C5-5742-4CB9-ADB7-941C4A3467B4}
		{0C9B2CB1-F730-4DE3-A0CD-7E05421C45D6} = {907B0C1F-237E-48F6-9AAF-67737FAFD92F}
		{46C55C67-5CAA-411C-9E44-14C6E63FECD9} = {907B0C1F-237E-48F6-9AAF-67737FAFD92F}
		{B52611A1-2E7B-487B-8921-01846B72B9C2} = {D2D8A54B-D692-4830-9114-204FC5514BE0}
	EndGlobalSection
	GlobalSection(ExtensibilityGlobals) = postSolution
		EnterpriseLibraryConfigurationToolBinariesPathV6 = packages\EnterpriseLibrary.Common.6.0.1304.0\lib\NET45;packages\EnterpriseLibrary.Logging.6.0.1304.0\lib\NET45;packages\EnterpriseLibrary.Data.6.0.1304.0\lib\NET45;packages\EnterpriseLibrary.Logging.Database.6.0.1304.0\lib\NET45
		SolutionGuid = {6187297D-79F8-45AB-9D59-49F5542BB1B6}
	EndGlobalSection
EndGlobal
